// !$*UTF8*$!
{
	archiveVersion = 1;
	classes = {
	};
	objectVersion = 48;
	objects = {

/* Begin PBXBuildFile section */
		51D8E251D50306494D205B06 /* Pods_SSUAkron.framework in Frameworks */ = {isa = PBXBuildFile; fileRef = 6E64B43DE83D8B272E5D1859 /* Pods_SSUAkron.framework */; };
		590B23742082A69000270381 /* Chat.swift in Sources */ = {isa = PBXBuildFile; fileRef = 590B23732082A68F00270381 /* Chat.swift */; };
		590B23762082BA7400270381 /* Message.swift in Sources */ = {isa = PBXBuildFile; fileRef = 590B23752082BA7400270381 /* Message.swift */; };
		590B23782083C75E00270381 /* NewMessage.swift in Sources */ = {isa = PBXBuildFile; fileRef = 590B23772083C75E00270381 /* NewMessage.swift */; };
		592453B92075E05000D0A1A9 /* CustomCells.swift in Sources */ = {isa = PBXBuildFile; fileRef = 592453B82075E05000D0A1A9 /* CustomCells.swift */; };
		592453BD2075E7A000D0A1A9 /* EventPost.swift in Sources */ = {isa = PBXBuildFile; fileRef = 592453BC2075E7A000D0A1A9 /* EventPost.swift */; };
		5925AEB8207828AA00EF6D8D /* SignupForm.swift in Sources */ = {isa = PBXBuildFile; fileRef = 5925AEB7207828AA00EF6D8D /* SignupForm.swift */; };
		595AA08C205C7ECA009D3D09 /* NotoKufiArabic-Bold.ttf in Resources */ = {isa = PBXBuildFile; fileRef = 595AA087205C5A86009D3D09 /* NotoKufiArabic-Bold.ttf */; };
		595AA08D205C7ECA009D3D09 /* NotoKufiArabic-Regular.ttf in Resources */ = {isa = PBXBuildFile; fileRef = 595AA086205C5A86009D3D09 /* NotoKufiArabic-Regular.ttf */; };
		595AA091205CA4AE009D3D09 /* Coutner.swift in Sources */ = {isa = PBXBuildFile; fileRef = 595AA090205CA4AE009D3D09 /* Coutner.swift */; };
		596259852063CAED00DD7CAA /* Store.swift in Sources */ = {isa = PBXBuildFile; fileRef = 596259842063CAED00DD7CAA /* Store.swift */; };
		5962598B2065F98F00DD7CAA /* CardHighlightCell.swift in Sources */ = {isa = PBXBuildFile; fileRef = 596259892065F98F00DD7CAA /* CardHighlightCell.swift */; };
		5962598C2065F98F00DD7CAA /* CardHighlightCell.xib in Resources */ = {isa = PBXBuildFile; fileRef = 5962598A2065F98F00DD7CAA /* CardHighlightCell.xib */; };
		5962599020660A7200DD7CAA /* CardArticleCell.swift in Sources */ = {isa = PBXBuildFile; fileRef = 5962598E20660A7200DD7CAA /* CardArticleCell.swift */; };
		5962599120660A7200DD7CAA /* CardArticleCell.xib in Resources */ = {isa = PBXBuildFile; fileRef = 5962598F20660A7200DD7CAA /* CardArticleCell.xib */; };
		596CDA7F206C29D40043A157 /* Login.swift in Sources */ = {isa = PBXBuildFile; fileRef = 596CDA7E206C29D40043A157 /* Login.swift */; };
		5979507E205B1B0000807FD1 /* AppDelegate.swift in Sources */ = {isa = PBXBuildFile; fileRef = 5979507D205B1B0000807FD1 /* AppDelegate.swift */; };
		59795080205B1B0000807FD1 /* Contact.swift in Sources */ = {isa = PBXBuildFile; fileRef = 5979507F205B1B0000807FD1 /* Contact.swift */; };
		59795083205B1B0000807FD1 /* kk.storyboard in Resources */ = {isa = PBXBuildFile; fileRef = 59795081205B1B0000807FD1 /* kk.storyboard */; };
		59795086205B1B0000807FD1 /* SSUAkron.xcdatamodeld in Sources */ = {isa = PBXBuildFile; fileRef = 59795084205B1B0000807FD1 /* SSUAkron.xcdatamodeld */; };
		5979508B205B1B0000807FD1 /* LaunchScreen.storyboard in Resources */ = {isa = PBXBuildFile; fileRef = 59795089205B1B0000807FD1 /* LaunchScreen.storyboard */; };
		5979509D205B1B8300807FD1 /* Animator.swift in Sources */ = {isa = PBXBuildFile; fileRef = 59795094205B1B7F00807FD1 /* Animator.swift */; };
		5979509E205B1B8300807FD1 /* CardGroupSliding.swift in Sources */ = {isa = PBXBuildFile; fileRef = 59795095205B1B8000807FD1 /* CardGroupSliding.swift */; };
		5979509F205B1B8300807FD1 /* DetailViewController.swift in Sources */ = {isa = PBXBuildFile; fileRef = 59795096205B1B8000807FD1 /* DetailViewController.swift */; };
		597950A0205B1B8300807FD1 /* LayoutHelper.swift in Sources */ = {isa = PBXBuildFile; fileRef = 59795097205B1B8000807FD1 /* LayoutHelper.swift */; };
		597950A1205B1B8300807FD1 /* Card.swift in Sources */ = {isa = PBXBuildFile; fileRef = 59795098205B1B8100807FD1 /* Card.swift */; };
		597950A2205B1B8300807FD1 /* CardHighlight.swift in Sources */ = {isa = PBXBuildFile; fileRef = 59795099205B1B8100807FD1 /* CardHighlight.swift */; };
		597950A3205B1B8300807FD1 /* CardGroup.swift in Sources */ = {isa = PBXBuildFile; fileRef = 5979509A205B1B8200807FD1 /* CardGroup.swift */; };
		597950A4205B1B8300807FD1 /* CardPlayer.swift in Sources */ = {isa = PBXBuildFile; fileRef = 5979509B205B1B8200807FD1 /* CardPlayer.swift */; };
		597950A5205B1B8300807FD1 /* CardArticle.swift in Sources */ = {isa = PBXBuildFile; fileRef = 5979509C205B1B8300807FD1 /* CardArticle.swift */; };
		597950A7205B1B9400807FD1 /* Player_by_Patric_Piemonte.swift in Sources */ = {isa = PBXBuildFile; fileRef = 597950A6205B1B9300807FD1 /* Player_by_Patric_Piemonte.swift */; };
		5987BF6C2073DE4F00D36360 /* MapPin.swift in Sources */ = {isa = PBXBuildFile; fileRef = 5987BF6B2073DE4F00D36360 /* MapPin.swift */; };
		598E28122320A70700B661C4 /* AboutMeViewController.swift in Sources */ = {isa = PBXBuildFile; fileRef = 598E28112320A70700B661C4 /* AboutMeViewController.swift */; };
		59B261FE2068C92A00F1E9E7 /* StorePost.swift in Sources */ = {isa = PBXBuildFile; fileRef = 59B261FD2068C92A00F1E9E7 /* StorePost.swift */; };
		59B26202206A08C400F1E9E7 /* Calender.swift in Sources */ = {isa = PBXBuildFile; fileRef = 59B26201206A08C400F1E9E7 /* Calender.swift */; };
		59B26206206A091100F1E9E7 /* EventInformation.swift in Sources */ = {isa = PBXBuildFile; fileRef = 59B26204206A091100F1E9E7 /* EventInformation.swift */; };
		59B26207206A091100F1E9E7 /* EventInformation.xib in Resources */ = {isa = PBXBuildFile; fileRef = 59B26205206A091100F1E9E7 /* EventInformation.xib */; };
		59BE991720721FEC00EB00BA /* StoreInformation.swift in Sources */ = {isa = PBXBuildFile; fileRef = 59BE991520721FEC00EB00BA /* StoreInformation.swift */; };
		59BE991820721FEC00EB00BA /* StoreInformation.xib in Resources */ = {isa = PBXBuildFile; fileRef = 59BE991620721FEC00EB00BA /* StoreInformation.xib */; };
		59C23B912077423500B21E0B /* ContactCardCell.swift in Sources */ = {isa = PBXBuildFile; fileRef = 59C23B8F2077423500B21E0B /* ContactCardCell.swift */; };
		59C23B922077423500B21E0B /* ContactCardCell.xib in Resources */ = {isa = PBXBuildFile; fileRef = 59C23B902077423500B21E0B /* ContactCardCell.xib */; };
		59C23B95207757CF00B21E0B /* User.swift in Sources */ = {isa = PBXBuildFile; fileRef = 59C23B94207757CF00B21E0B /* User.swift */; };
		59CB80F0231F9C430085B696 /* FullPhotoTableViewCell.swift in Sources */ = {isa = PBXBuildFile; fileRef = 59CB80EE231F9C430085B696 /* FullPhotoTableViewCell.swift */; };
		59CB80F1231F9C430085B696 /* FullPhotoTableViewCell.xib in Resources */ = {isa = PBXBuildFile; fileRef = 59CB80EF231F9C430085B696 /* FullPhotoTableViewCell.xib */; };
		59CB80F7232066560085B696 /* Assets.xcassets in Resources */ = {isa = PBXBuildFile; fileRef = 59CB80F6232066560085B696 /* Assets.xcassets */; };
		59DDB6BE2060E104001DF580 /* Global.swift in Sources */ = {isa = PBXBuildFile; fileRef = 59DDB6BD2060E104001DF580 /* Global.swift */; };
		59E24C32206372A800B04928 /* GoogleService-Info.plist in Resources */ = {isa = PBXBuildFile; fileRef = 59E24C31206372A800B04928 /* GoogleService-Info.plist */; };
		59E425D320663DF30097E08A /* CardInformation.swift in Sources */ = {isa = PBXBuildFile; fileRef = 59E425D220663DF30097E08A /* CardInformation.swift */; };
		59E664AB237A194C00646272 /* MainTabBarViewController.swift in Sources */ = {isa = PBXBuildFile; fileRef = 59E664AA237A194C00646272 /* MainTabBarViewController.swift */; };
		59E7B11B231922BD00C170D2 /* Main.storyboard in Resources */ = {isa = PBXBuildFile; fileRef = 59E7B11A231922BD00C170D2 /* Main.storyboard */; };
		59F791A3207A133800A4DA20 /* Profile.swift in Sources */ = {isa = PBXBuildFile; fileRef = 59F791A2207A133800A4DA20 /* Profile.swift */; };
/* End PBXBuildFile section */

/* Begin PBXFileReference section */
		4557988D8C3ACDABD4CE712A /* Pods-SSUAkron.debug.xcconfig */ = {isa = PBXFileReference; includeInIndex = 1; lastKnownFileType = text.xcconfig; name = "Pods-SSUAkron.debug.xcconfig"; path = "Pods/Target Support Files/Pods-SSUAkron/Pods-SSUAkron.debug.xcconfig"; sourceTree = "<group>"; };
		590B23732082A68F00270381 /* Chat.swift */ = {isa = PBXFileReference; fileEncoding = 4; lastKnownFileType = sourcecode.swift; path = Chat.swift; sourceTree = "<group>"; };
		590B23752082BA7400270381 /* Message.swift */ = {isa = PBXFileReference; lastKnownFileType = sourcecode.swift; path = Message.swift; sourceTree = "<group>"; };
		590B23772083C75E00270381 /* NewMessage.swift */ = {isa = PBXFileReference; lastKnownFileType = sourcecode.swift; path = NewMessage.swift; sourceTree = "<group>"; };
		592453B82075E05000D0A1A9 /* CustomCells.swift */ = {isa = PBXFileReference; fileEncoding = 4; lastKnownFileType = sourcecode.swift; path = CustomCells.swift; sourceTree = "<group>"; };
		592453BC2075E7A000D0A1A9 /* EventPost.swift */ = {isa = PBXFileReference; lastKnownFileType = sourcecode.swift; path = EventPost.swift; sourceTree = "<group>"; };
		5925AEB7207828AA00EF6D8D /* SignupForm.swift */ = {isa = PBXFileReference; lastKnownFileType = sourcecode.swift; path = SignupForm.swift; sourceTree = "<group>"; };
		5948BF2A22B5CD500001F725 /* SSUAkron.entitlements */ = {isa = PBXFileReference; lastKnownFileType = text.plist.entitlements; path = SSUAkron.entitlements; sourceTree = "<group>"; };
		595AA086205C5A86009D3D09 /* NotoKufiArabic-Regular.ttf */ = {isa = PBXFileReference; lastKnownFileType = file; path = "NotoKufiArabic-Regular.ttf"; sourceTree = "<group>"; };
		595AA087205C5A86009D3D09 /* NotoKufiArabic-Bold.ttf */ = {isa = PBXFileReference; lastKnownFileType = file; path = "NotoKufiArabic-Bold.ttf"; sourceTree = "<group>"; };
		595AA090205CA4AE009D3D09 /* Coutner.swift */ = {isa = PBXFileReference; lastKnownFileType = sourcecode.swift; path = Coutner.swift; sourceTree = "<group>"; };
		596259842063CAED00DD7CAA /* Store.swift */ = {isa = PBXFileReference; lastKnownFileType = sourcecode.swift; path = Store.swift; sourceTree = "<group>"; };
		596259892065F98F00DD7CAA /* CardHighlightCell.swift */ = {isa = PBXFileReference; lastKnownFileType = sourcecode.swift; path = CardHighlightCell.swift; sourceTree = "<group>"; };
		5962598A2065F98F00DD7CAA /* CardHighlightCell.xib */ = {isa = PBXFileReference; lastKnownFileType = file.xib; path = CardHighlightCell.xib; sourceTree = "<group>"; };
		5962598E20660A7200DD7CAA /* CardArticleCell.swift */ = {isa = PBXFileReference; lastKnownFileType = sourcecode.swift; path = CardArticleCell.swift; sourceTree = "<group>"; };
		5962598F20660A7200DD7CAA /* CardArticleCell.xib */ = {isa = PBXFileReference; lastKnownFileType = file.xib; path = CardArticleCell.xib; sourceTree = "<group>"; };
		596CDA7E206C29D40043A157 /* Login.swift */ = {isa = PBXFileReference; lastKnownFileType = sourcecode.swift; path = Login.swift; sourceTree = "<group>"; };
		5979507A205B1B0000807FD1 /* SSUAkron.app */ = {isa = PBXFileReference; explicitFileType = wrapper.application; includeInIndex = 0; path = SSUAkron.app; sourceTree = BUILT_PRODUCTS_DIR; };
		5979507D205B1B0000807FD1 /* AppDelegate.swift */ = {isa = PBXFileReference; lastKnownFileType = sourcecode.swift; path = AppDelegate.swift; sourceTree = "<group>"; };
		5979507F205B1B0000807FD1 /* Contact.swift */ = {isa = PBXFileReference; lastKnownFileType = sourcecode.swift; path = Contact.swift; sourceTree = "<group>"; };
		59795082205B1B0000807FD1 /* Base */ = {isa = PBXFileReference; lastKnownFileType = file.storyboard; name = Base; path = Base.lproj/kk.storyboard; sourceTree = "<group>"; };
		59795085205B1B0000807FD1 /* SSUAkron.xcdatamodel */ = {isa = PBXFileReference; lastKnownFileType = wrapper.xcdatamodel; path = SSUAkron.xcdatamodel; sourceTree = "<group>"; };
		5979508A205B1B0000807FD1 /* Base */ = {isa = PBXFileReference; lastKnownFileType = file.storyboard; name = Base; path = Base.lproj/LaunchScreen.storyboard; sourceTree = "<group>"; };
		5979508C205B1B0000807FD1 /* Info.plist */ = {isa = PBXFileReference; lastKnownFileType = text.plist.xml; path = Info.plist; sourceTree = "<group>"; };
		59795094205B1B7F00807FD1 /* Animator.swift */ = {isa = PBXFileReference; lastKnownFileType = sourcecode.swift; path = Animator.swift; sourceTree = "<group>"; };
		59795095205B1B8000807FD1 /* CardGroupSliding.swift */ = {isa = PBXFileReference; lastKnownFileType = sourcecode.swift; path = CardGroupSliding.swift; sourceTree = "<group>"; };
		59795096205B1B8000807FD1 /* DetailViewController.swift */ = {isa = PBXFileReference; lastKnownFileType = sourcecode.swift; path = DetailViewController.swift; sourceTree = "<group>"; };
		59795097205B1B8000807FD1 /* LayoutHelper.swift */ = {isa = PBXFileReference; lastKnownFileType = sourcecode.swift; path = LayoutHelper.swift; sourceTree = "<group>"; };
		59795098205B1B8100807FD1 /* Card.swift */ = {isa = PBXFileReference; lastKnownFileType = sourcecode.swift; path = Card.swift; sourceTree = "<group>"; };
		59795099205B1B8100807FD1 /* CardHighlight.swift */ = {isa = PBXFileReference; lastKnownFileType = sourcecode.swift; path = CardHighlight.swift; sourceTree = "<group>"; };
		5979509A205B1B8200807FD1 /* CardGroup.swift */ = {isa = PBXFileReference; lastKnownFileType = sourcecode.swift; path = CardGroup.swift; sourceTree = "<group>"; };
		5979509B205B1B8200807FD1 /* CardPlayer.swift */ = {isa = PBXFileReference; lastKnownFileType = sourcecode.swift; path = CardPlayer.swift; sourceTree = "<group>"; };
		5979509C205B1B8300807FD1 /* CardArticle.swift */ = {isa = PBXFileReference; lastKnownFileType = sourcecode.swift; path = CardArticle.swift; sourceTree = "<group>"; };
		597950A6205B1B9300807FD1 /* Player_by_Patric_Piemonte.swift */ = {isa = PBXFileReference; lastKnownFileType = sourcecode.swift; path = Player_by_Patric_Piemonte.swift; sourceTree = "<group>"; };
		5987BF6B2073DE4F00D36360 /* MapPin.swift */ = {isa = PBXFileReference; lastKnownFileType = sourcecode.swift; path = MapPin.swift; sourceTree = "<group>"; };
		598E28112320A70700B661C4 /* AboutMeViewController.swift */ = {isa = PBXFileReference; lastKnownFileType = sourcecode.swift; path = AboutMeViewController.swift; sourceTree = "<group>"; };
		59B261FD2068C92A00F1E9E7 /* StorePost.swift */ = {isa = PBXFileReference; lastKnownFileType = sourcecode.swift; path = StorePost.swift; sourceTree = "<group>"; };
		59B26201206A08C400F1E9E7 /* Calender.swift */ = {isa = PBXFileReference; fileEncoding = 4; lastKnownFileType = sourcecode.swift; path = Calender.swift; sourceTree = "<group>"; };
		59B26204206A091100F1E9E7 /* EventInformation.swift */ = {isa = PBXFileReference; lastKnownFileType = sourcecode.swift; path = EventInformation.swift; sourceTree = "<group>"; };
		59B26205206A091100F1E9E7 /* EventInformation.xib */ = {isa = PBXFileReference; lastKnownFileType = file.xib; path = EventInformation.xib; sourceTree = "<group>"; };
		59BE991520721FEC00EB00BA /* StoreInformation.swift */ = {isa = PBXFileReference; lastKnownFileType = sourcecode.swift; path = StoreInformation.swift; sourceTree = "<group>"; };
		59BE991620721FEC00EB00BA /* StoreInformation.xib */ = {isa = PBXFileReference; lastKnownFileType = file.xib; path = StoreInformation.xib; sourceTree = "<group>"; };
		59C23B8F2077423500B21E0B /* ContactCardCell.swift */ = {isa = PBXFileReference; lastKnownFileType = sourcecode.swift; path = ContactCardCell.swift; sourceTree = "<group>"; };
		59C23B902077423500B21E0B /* ContactCardCell.xib */ = {isa = PBXFileReference; lastKnownFileType = file.xib; path = ContactCardCell.xib; sourceTree = "<group>"; };
		59C23B94207757CF00B21E0B /* User.swift */ = {isa = PBXFileReference; lastKnownFileType = sourcecode.swift; path = User.swift; sourceTree = "<group>"; };
		59CB80EE231F9C430085B696 /* FullPhotoTableViewCell.swift */ = {isa = PBXFileReference; lastKnownFileType = sourcecode.swift; path = FullPhotoTableViewCell.swift; sourceTree = "<group>"; };
		59CB80EF231F9C430085B696 /* FullPhotoTableViewCell.xib */ = {isa = PBXFileReference; lastKnownFileType = file.xib; path = FullPhotoTableViewCell.xib; sourceTree = "<group>"; };
		59CB80F6232066560085B696 /* Assets.xcassets */ = {isa = PBXFileReference; lastKnownFileType = folder.assetcatalog; path = Assets.xcassets; sourceTree = "<group>"; };
		59DDB6BD2060E104001DF580 /* Global.swift */ = {isa = PBXFileReference; lastKnownFileType = sourcecode.swift; path = Global.swift; sourceTree = "<group>"; };
		59E24C31206372A800B04928 /* GoogleService-Info.plist */ = {isa = PBXFileReference; fileEncoding = 4; lastKnownFileType = text.plist.xml; path = "GoogleService-Info.plist"; sourceTree = "<group>"; };
		59E425D220663DF30097E08A /* CardInformation.swift */ = {isa = PBXFileReference; lastKnownFileType = sourcecode.swift; path = CardInformation.swift; sourceTree = "<group>"; };
		59E664AA237A194C00646272 /* MainTabBarViewController.swift */ = {isa = PBXFileReference; lastKnownFileType = sourcecode.swift; path = MainTabBarViewController.swift; sourceTree = "<group>"; };
		59E7B11A231922BD00C170D2 /* Main.storyboard */ = {isa = PBXFileReference; fileEncoding = 4; lastKnownFileType = file.storyboard; path = Main.storyboard; sourceTree = "<group>"; };
		59F791A2207A133800A4DA20 /* Profile.swift */ = {isa = PBXFileReference; lastKnownFileType = sourcecode.swift; path = Profile.swift; sourceTree = "<group>"; };
		6E64B43DE83D8B272E5D1859 /* Pods_SSUAkron.framework */ = {isa = PBXFileReference; explicitFileType = wrapper.framework; includeInIndex = 0; path = Pods_SSUAkron.framework; sourceTree = BUILT_PRODUCTS_DIR; };
		9C61FE7349C2795879C2A83A /* Pods-SSUAkron.release.xcconfig */ = {isa = PBXFileReference; includeInIndex = 1; lastKnownFileType = text.xcconfig; name = "Pods-SSUAkron.release.xcconfig"; path = "Pods/Target Support Files/Pods-SSUAkron/Pods-SSUAkron.release.xcconfig"; sourceTree = "<group>"; };
/* End PBXFileReference section */

/* Begin PBXFrameworksBuildPhase section */
		59795077205B1B0000807FD1 /* Frameworks */ = {
			isa = PBXFrameworksBuildPhase;
			buildActionMask = 2147483647;
			files = (
				51D8E251D50306494D205B06 /* Pods_SSUAkron.framework in Frameworks */,
			);
			runOnlyForDeploymentPostprocessing = 0;
		};
/* End PBXFrameworksBuildPhase section */

/* Begin PBXGroup section */
		3B891628B0A7452D165B3FFB /* Frameworks */ = {
			isa = PBXGroup;
			children = (
				6E64B43DE83D8B272E5D1859 /* Pods_SSUAkron.framework */,
			);
			name = Frameworks;
			sourceTree = "<group>";
		};
		590A376520843BFC00AE7414 /* Add-ons */ = {
			isa = PBXGroup;
			children = (
				592453B82075E05000D0A1A9 /* CustomCells.swift */,
			);
			path = "Add-ons";
			sourceTree = "<group>";
		};
		592453BB2075E72300D0A1A9 /* Forms */ = {
			isa = PBXGroup;
			children = (
				590A376520843BFC00AE7414 /* Add-ons */,
				59B261FD2068C92A00F1E9E7 /* StorePost.swift */,
				592453BC2075E7A000D0A1A9 /* EventPost.swift */,
				5925AEB7207828AA00EF6D8D /* SignupForm.swift */,
				59F791A2207A133800A4DA20 /* Profile.swift */,
			);
			path = Forms;
			sourceTree = "<group>";
		};
		595AA089205C5AA6009D3D09 /* Fonts */ = {
			isa = PBXGroup;
			children = (
				595AA087205C5A86009D3D09 /* NotoKufiArabic-Bold.ttf */,
				595AA086205C5A86009D3D09 /* NotoKufiArabic-Regular.ttf */,
			);
			path = Fonts;
			sourceTree = "<group>";
		};
		5962598D2066032C00DD7CAA /* Cells */ = {
			isa = PBXGroup;
			children = (
				596259892065F98F00DD7CAA /* CardHighlightCell.swift */,
				5962598A2065F98F00DD7CAA /* CardHighlightCell.xib */,
				5962598E20660A7200DD7CAA /* CardArticleCell.swift */,
				5962598F20660A7200DD7CAA /* CardArticleCell.xib */,
				59C23B8F2077423500B21E0B /* ContactCardCell.swift */,
				59C23B902077423500B21E0B /* ContactCardCell.xib */,
				59CB80EE231F9C430085B696 /* FullPhotoTableViewCell.swift */,
				59CB80EF231F9C430085B696 /* FullPhotoTableViewCell.xib */,
			);
			path = Cells;
			sourceTree = "<group>";
		};
		59795071205B1B0000807FD1 = {
			isa = PBXGroup;
			children = (
				595AA089205C5AA6009D3D09 /* Fonts */,
				597950A8205B1B9700807FD1 /* Cards */,
				5979507C205B1B0000807FD1 /* SSUAkron */,
				5979507B205B1B0000807FD1 /* Products */,
				DDDA260D33CC0AA93F12BFF4 /* Pods */,
				3B891628B0A7452D165B3FFB /* Frameworks */,
			);
			sourceTree = "<group>";
		};
		5979507B205B1B0000807FD1 /* Products */ = {
			isa = PBXGroup;
			children = (
				5979507A205B1B0000807FD1 /* SSUAkron.app */,
			);
			name = Products;
			sourceTree = "<group>";
		};
		5979507C205B1B0000807FD1 /* SSUAkron */ = {
			isa = PBXGroup;
			children = (
				5948BF2A22B5CD500001F725 /* SSUAkron.entitlements */,
				5962598D2066032C00DD7CAA /* Cells */,
				59B26203206A08F200F1E9E7 /* ContentCards */,
				592453BB2075E72300D0A1A9 /* Forms */,
				59C23B93207756AF00B21E0B /* Model */,
				59DDB6A1205FA2E3001DF580 /* Main */,
				5979507D205B1B0000807FD1 /* AppDelegate.swift */,
				59DDB6BD2060E104001DF580 /* Global.swift */,
				59795081205B1B0000807FD1 /* kk.storyboard */,
				59E7B11A231922BD00C170D2 /* Main.storyboard */,
				59795089205B1B0000807FD1 /* LaunchScreen.storyboard */,
				5979508C205B1B0000807FD1 /* Info.plist */,
				59E24C31206372A800B04928 /* GoogleService-Info.plist */,
				59795084205B1B0000807FD1 /* SSUAkron.xcdatamodeld */,
				59CB80F6232066560085B696 /* Assets.xcassets */,
			);
			path = SSUAkron;
			sourceTree = "<group>";
		};
		597950A8205B1B9700807FD1 /* Cards */ = {
			isa = PBXGroup;
			children = (
				597950A6205B1B9300807FD1 /* Player_by_Patric_Piemonte.swift */,
				59795094205B1B7F00807FD1 /* Animator.swift */,
				59795098205B1B8100807FD1 /* Card.swift */,
				5979509C205B1B8300807FD1 /* CardArticle.swift */,
				5979509A205B1B8200807FD1 /* CardGroup.swift */,
				59795095205B1B8000807FD1 /* CardGroupSliding.swift */,
				59795099205B1B8100807FD1 /* CardHighlight.swift */,
				5979509B205B1B8200807FD1 /* CardPlayer.swift */,
				59795096205B1B8000807FD1 /* DetailViewController.swift */,
				59795097205B1B8000807FD1 /* LayoutHelper.swift */,
			);
			name = Cards;
			path = "New Group";
			sourceTree = "<group>";
		};
		59980B8320871EE1000B8871 /* Chat */ = {
			isa = PBXGroup;
			children = (
				590B23732082A68F00270381 /* Chat.swift */,
				590B23772083C75E00270381 /* NewMessage.swift */,
			);
			path = Chat;
			sourceTree = "<group>";
		};
		59B26203206A08F200F1E9E7 /* ContentCards */ = {
			isa = PBXGroup;
			children = (
				59B26204206A091100F1E9E7 /* EventInformation.swift */,
				59B26205206A091100F1E9E7 /* EventInformation.xib */,
				59BE991520721FEC00EB00BA /* StoreInformation.swift */,
				59BE991620721FEC00EB00BA /* StoreInformation.xib */,
			);
			path = ContentCards;
			sourceTree = "<group>";
		};
		59C23B93207756AF00B21E0B /* Model */ = {
			isa = PBXGroup;
			children = (
				59E425D220663DF30097E08A /* CardInformation.swift */,
				5987BF6B2073DE4F00D36360 /* MapPin.swift */,
				59C23B94207757CF00B21E0B /* User.swift */,
				590B23752082BA7400270381 /* Message.swift */,
			);
			path = Model;
			sourceTree = "<group>";
		};
		59DDB6A1205FA2E3001DF580 /* Main */ = {
			isa = PBXGroup;
			children = (
				59980B8320871EE1000B8871 /* Chat */,
				596CDA7E206C29D40043A157 /* Login.swift */,
				59B26201206A08C400F1E9E7 /* Calender.swift */,
				596259842063CAED00DD7CAA /* Store.swift */,
				5979507F205B1B0000807FD1 /* Contact.swift */,
				595AA090205CA4AE009D3D09 /* Coutner.swift */,
				598E28112320A70700B661C4 /* AboutMeViewController.swift */,
				59E664AA237A194C00646272 /* MainTabBarViewController.swift */,
			);
			path = Main;
			sourceTree = "<group>";
		};
		DDDA260D33CC0AA93F12BFF4 /* Pods */ = {
			isa = PBXGroup;
			children = (
				4557988D8C3ACDABD4CE712A /* Pods-SSUAkron.debug.xcconfig */,
				9C61FE7349C2795879C2A83A /* Pods-SSUAkron.release.xcconfig */,
			);
			name = Pods;
			sourceTree = "<group>";
		};
/* End PBXGroup section */

/* Begin PBXNativeTarget section */
		59795079205B1B0000807FD1 /* SSUAkron */ = {
			isa = PBXNativeTarget;
			buildConfigurationList = 5979508F205B1B0000807FD1 /* Build configuration list for PBXNativeTarget "SSUAkron" */;
			buildPhases = (
				22FA867CBF95590DDC50824D /* [CP] Check Pods Manifest.lock */,
				59795076205B1B0000807FD1 /* Sources */,
				59795077205B1B0000807FD1 /* Frameworks */,
				59795078205B1B0000807FD1 /* Resources */,
				8A9EED780C3FDCDFC4FA7B8B /* [CP] Embed Pods Frameworks */,
				983C2AA8EA7E36E5EAA70902 /* [CP] Copy Pods Resources */,
			);
			buildRules = (
			);
			dependencies = (
			);
			name = SSUAkron;
			productName = SSUAkron;
			productReference = 5979507A205B1B0000807FD1 /* SSUAkron.app */;
			productType = "com.apple.product-type.application";
		};
/* End PBXNativeTarget section */

/* Begin PBXProject section */
		59795072205B1B0000807FD1 /* Project object */ = {
			isa = PBXProject;
			attributes = {
				KnownAssetTags = (
					0,
					1,
					2,
				);
				LastSwiftUpdateCheck = 0920;
				LastUpgradeCheck = 0930;
				ORGANIZATIONNAME = "Muhannad Mousa";
				TargetAttributes = {
					59795079205B1B0000807FD1 = {
						CreatedOnToolsVersion = 9.2;
						ProvisioningStyle = Automatic;
					};
				};
			};
			buildConfigurationList = 59795075205B1B0000807FD1 /* Build configuration list for PBXProject "SSUAkron" */;
			compatibilityVersion = "Xcode 8.0";
			developmentRegion = en;
			hasScannedForEncodings = 0;
			knownRegions = (
				en,
				Base,
			);
			mainGroup = 59795071205B1B0000807FD1;
			productRefGroup = 5979507B205B1B0000807FD1 /* Products */;
			projectDirPath = "";
			projectRoot = "";
			targets = (
				59795079205B1B0000807FD1 /* SSUAkron */,
			);
		};
/* End PBXProject section */

/* Begin PBXResourcesBuildPhase section */
		59795078205B1B0000807FD1 /* Resources */ = {
			isa = PBXResourcesBuildPhase;
			buildActionMask = 2147483647;
			files = (
				59B26207206A091100F1E9E7 /* EventInformation.xib in Resources */,
				595AA08C205C7ECA009D3D09 /* NotoKufiArabic-Bold.ttf in Resources */,
				59E7B11B231922BD00C170D2 /* Main.storyboard in Resources */,
				59E24C32206372A800B04928 /* GoogleService-Info.plist in Resources */,
				5962599120660A7200DD7CAA /* CardArticleCell.xib in Resources */,
				59C23B922077423500B21E0B /* ContactCardCell.xib in Resources */,
				59CB80F7232066560085B696 /* Assets.xcassets in Resources */,
				59BE991820721FEC00EB00BA /* StoreInformation.xib in Resources */,
				595AA08D205C7ECA009D3D09 /* NotoKufiArabic-Regular.ttf in Resources */,
				59CB80F1231F9C430085B696 /* FullPhotoTableViewCell.xib in Resources */,
				5962598C2065F98F00DD7CAA /* CardHighlightCell.xib in Resources */,
				5979508B205B1B0000807FD1 /* LaunchScreen.storyboard in Resources */,
				59795083205B1B0000807FD1 /* kk.storyboard in Resources */,
			);
			runOnlyForDeploymentPostprocessing = 0;
		};
/* End PBXResourcesBuildPhase section */

/* Begin PBXShellScriptBuildPhase section */
		22FA867CBF95590DDC50824D /* [CP] Check Pods Manifest.lock */ = {
			isa = PBXShellScriptBuildPhase;
			buildActionMask = 2147483647;
			files = (
			);
			inputPaths = (
				"${PODS_PODFILE_DIR_PATH}/Podfile.lock",
				"${PODS_ROOT}/Manifest.lock",
			);
			name = "[CP] Check Pods Manifest.lock";
			outputPaths = (
				"$(DERIVED_FILE_DIR)/Pods-SSUAkron-checkManifestLockResult.txt",
			);
			runOnlyForDeploymentPostprocessing = 0;
			shellPath = /bin/sh;
			shellScript = "diff \"${PODS_PODFILE_DIR_PATH}/Podfile.lock\" \"${PODS_ROOT}/Manifest.lock\" > /dev/null\nif [ $? != 0 ] ; then\n    # print error to STDERR\n    echo \"error: The sandbox is not in sync with the Podfile.lock. Run 'pod install' or update your CocoaPods installation.\" >&2\n    exit 1\nfi\n# This output is used by Xcode 'outputs' to avoid re-running this script phase.\necho \"SUCCESS\" > \"${SCRIPT_OUTPUT_FILE_0}\"\n";
			showEnvVarsInLog = 0;
		};
		8A9EED780C3FDCDFC4FA7B8B /* [CP] Embed Pods Frameworks */ = {
			isa = PBXShellScriptBuildPhase;
			buildActionMask = 2147483647;
			files = (
			);
			inputPaths = (
				"${PODS_ROOT}/Target Support Files/Pods-SSUAkron/Pods-SSUAkron-frameworks.sh",
				"${BUILT_PRODUCTS_DIR}/BoringSSL-GRPC/openssl_grpc.framework",
				"${BUILT_PRODUCTS_DIR}/Eureka/Eureka.framework",
				"${BUILT_PRODUCTS_DIR}/GTMOAuth2/GTMOAuth2.framework",
				"${BUILT_PRODUCTS_DIR}/GTMSessionFetcher/GTMSessionFetcher.framework",
				"${BUILT_PRODUCTS_DIR}/GoogleToolboxForMac/GoogleToolboxForMac.framework",
				"${BUILT_PRODUCTS_DIR}/GoogleUtilities/GoogleUtilities.framework",
				"${BUILT_PRODUCTS_DIR}/IQKeyboardManagerSwift/IQKeyboardManagerSwift.framework",
				"${BUILT_PRODUCTS_DIR}/ImageRow/ImageRow.framework",
				"${BUILT_PRODUCTS_DIR}/MKRingProgressView/MKRingProgressView.framework",
				"${BUILT_PRODUCTS_DIR}/Protobuf/Protobuf.framework",
				"${BUILT_PRODUCTS_DIR}/SDWebImage/SDWebImage.framework",
				"${PODS_ROOT}/SendBirdSDK/SendBirdSDK.framework",
				"${PODS_ROOT}/SendBirdSDK/SendBirdSDK.framework.dSYM",
				"${BUILT_PRODUCTS_DIR}/SkeletonView/SkeletonView.framework",
				"${BUILT_PRODUCTS_DIR}/TransitionButton/TransitionButton.framework",
				"${BUILT_PRODUCTS_DIR}/gRPC-C++/grpcpp.framework",
				"${BUILT_PRODUCTS_DIR}/gRPC-Core/grpc.framework",
				"${BUILT_PRODUCTS_DIR}/leveldb-library/leveldb.framework",
				"${BUILT_PRODUCTS_DIR}/nanopb/nanopb.framework",
			);
			name = "[CP] Embed Pods Frameworks";
			outputPaths = (
				"${TARGET_BUILD_DIR}/${FRAMEWORKS_FOLDER_PATH}/openssl_grpc.framework",
				"${TARGET_BUILD_DIR}/${FRAMEWORKS_FOLDER_PATH}/Eureka.framework",
				"${TARGET_BUILD_DIR}/${FRAMEWORKS_FOLDER_PATH}/GTMOAuth2.framework",
				"${TARGET_BUILD_DIR}/${FRAMEWORKS_FOLDER_PATH}/GTMSessionFetcher.framework",
				"${TARGET_BUILD_DIR}/${FRAMEWORKS_FOLDER_PATH}/GoogleToolboxForMac.framework",
				"${TARGET_BUILD_DIR}/${FRAMEWORKS_FOLDER_PATH}/GoogleUtilities.framework",
				"${TARGET_BUILD_DIR}/${FRAMEWORKS_FOLDER_PATH}/IQKeyboardManagerSwift.framework",
				"${TARGET_BUILD_DIR}/${FRAMEWORKS_FOLDER_PATH}/ImageRow.framework",
				"${TARGET_BUILD_DIR}/${FRAMEWORKS_FOLDER_PATH}/MKRingProgressView.framework",
				"${TARGET_BUILD_DIR}/${FRAMEWORKS_FOLDER_PATH}/Protobuf.framework",
				"${TARGET_BUILD_DIR}/${FRAMEWORKS_FOLDER_PATH}/SDWebImage.framework",
				"${TARGET_BUILD_DIR}/${FRAMEWORKS_FOLDER_PATH}/SendBirdSDK.framework",
				"${DWARF_DSYM_FOLDER_PATH}/SendBirdSDK.framework.dSYM",
				"${TARGET_BUILD_DIR}/${FRAMEWORKS_FOLDER_PATH}/SkeletonView.framework",
				"${TARGET_BUILD_DIR}/${FRAMEWORKS_FOLDER_PATH}/TransitionButton.framework",
				"${TARGET_BUILD_DIR}/${FRAMEWORKS_FOLDER_PATH}/grpcpp.framework",
				"${TARGET_BUILD_DIR}/${FRAMEWORKS_FOLDER_PATH}/grpc.framework",
				"${TARGET_BUILD_DIR}/${FRAMEWORKS_FOLDER_PATH}/leveldb.framework",
				"${TARGET_BUILD_DIR}/${FRAMEWORKS_FOLDER_PATH}/nanopb.framework",
			);
			runOnlyForDeploymentPostprocessing = 0;
			shellPath = /bin/sh;
			shellScript = "\"${PODS_ROOT}/Target Support Files/Pods-SSUAkron/Pods-SSUAkron-frameworks.sh\"\n";
			showEnvVarsInLog = 0;
		};
		983C2AA8EA7E36E5EAA70902 /* [CP] Copy Pods Resources */ = {
			isa = PBXShellScriptBuildPhase;
			buildActionMask = 2147483647;
			files = (
			);
			inputPaths = (
				"${PODS_ROOT}/Target Support Files/Pods-SSUAkron/Pods-SSUAkron-resources.sh",
				"${PODS_CONFIGURATION_BUILD_DIR}/FirebaseUI/FirebaseAuthUI.bundle",
				"${PODS_ROOT}/GoogleMaps/Maps/Frameworks/GoogleMaps.framework/Resources/GoogleMaps.bundle",
				"${PODS_ROOT}/GooglePlaces/Frameworks/GooglePlaces.framework/Resources/GooglePlaces.bundle",
				"${PODS_ROOT}/GoogleSignIn/Resources/GoogleSignIn.bundle",
			);
			name = "[CP] Copy Pods Resources";
			outputPaths = (
				"${TARGET_BUILD_DIR}/${UNLOCALIZED_RESOURCES_FOLDER_PATH}/FirebaseAuthUI.bundle",
				"${TARGET_BUILD_DIR}/${UNLOCALIZED_RESOURCES_FOLDER_PATH}/GoogleMaps.bundle",
				"${TARGET_BUILD_DIR}/${UNLOCALIZED_RESOURCES_FOLDER_PATH}/GooglePlaces.bundle",
				"${TARGET_BUILD_DIR}/${UNLOCALIZED_RESOURCES_FOLDER_PATH}/GoogleSignIn.bundle",
			);
			runOnlyForDeploymentPostprocessing = 0;
			shellPath = /bin/sh;
			shellScript = "\"${PODS_ROOT}/Target Support Files/Pods-SSUAkron/Pods-SSUAkron-resources.sh\"\n";
			showEnvVarsInLog = 0;
		};
/* End PBXShellScriptBuildPhase section */

/* Begin PBXSourcesBuildPhase section */
		59795076205B1B0000807FD1 /* Sources */ = {
			isa = PBXSourcesBuildPhase;
			buildActionMask = 2147483647;
			files = (
				5962599020660A7200DD7CAA /* CardArticleCell.swift in Sources */,
				597950A7205B1B9400807FD1 /* Player_by_Patric_Piemonte.swift in Sources */,
				59C23B95207757CF00B21E0B /* User.swift in Sources */,
				5979509D205B1B8300807FD1 /* Animator.swift in Sources */,
				5987BF6C2073DE4F00D36360 /* MapPin.swift in Sources */,
				5979509E205B1B8300807FD1 /* CardGroupSliding.swift in Sources */,
				5979509F205B1B8300807FD1 /* DetailViewController.swift in Sources */,
				59C23B912077423500B21E0B /* ContactCardCell.swift in Sources */,
				597950A0205B1B8300807FD1 /* LayoutHelper.swift in Sources */,
				59BE991720721FEC00EB00BA /* StoreInformation.swift in Sources */,
				597950A1205B1B8300807FD1 /* Card.swift in Sources */,
				59F791A3207A133800A4DA20 /* Profile.swift in Sources */,
				592453B92075E05000D0A1A9 /* CustomCells.swift in Sources */,
				597950A2205B1B8300807FD1 /* CardHighlight.swift in Sources */,
				597950A3205B1B8300807FD1 /* CardGroup.swift in Sources */,
				597950A4205B1B8300807FD1 /* CardPlayer.swift in Sources */,
				59B261FE2068C92A00F1E9E7 /* StorePost.swift in Sources */,
				592453BD2075E7A000D0A1A9 /* EventPost.swift in Sources */,
				590B23782083C75E00270381 /* NewMessage.swift in Sources */,
				590B23742082A69000270381 /* Chat.swift in Sources */,
				595AA091205CA4AE009D3D09 /* Coutner.swift in Sources */,
				596CDA7F206C29D40043A157 /* Login.swift in Sources */,
				596259852063CAED00DD7CAA /* Store.swift in Sources */,
				5925AEB8207828AA00EF6D8D /* SignupForm.swift in Sources */,
				597950A5205B1B8300807FD1 /* CardArticle.swift in Sources */,
				59795086205B1B0000807FD1 /* SSUAkron.xcdatamodeld in Sources */,
				5962598B2065F98F00DD7CAA /* CardHighlightCell.swift in Sources */,
				59CB80F0231F9C430085B696 /* FullPhotoTableViewCell.swift in Sources */,
				590B23762082BA7400270381 /* Message.swift in Sources */,
				59E664AB237A194C00646272 /* MainTabBarViewController.swift in Sources */,
				59B26206206A091100F1E9E7 /* EventInformation.swift in Sources */,
				59795080205B1B0000807FD1 /* Contact.swift in Sources */,
				5979507E205B1B0000807FD1 /* AppDelegate.swift in Sources */,
				59E425D320663DF30097E08A /* CardInformation.swift in Sources */,
				59DDB6BE2060E104001DF580 /* Global.swift in Sources */,
				598E28122320A70700B661C4 /* AboutMeViewController.swift in Sources */,
				59B26202206A08C400F1E9E7 /* Calender.swift in Sources */,
			);
			runOnlyForDeploymentPostprocessing = 0;
		};
/* End PBXSourcesBuildPhase section */

/* Begin PBXVariantGroup section */
		59795081205B1B0000807FD1 /* kk.storyboard */ = {
			isa = PBXVariantGroup;
			children = (
				59795082205B1B0000807FD1 /* Base */,
			);
			name = kk.storyboard;
			sourceTree = "<group>";
		};
		59795089205B1B0000807FD1 /* LaunchScreen.storyboard */ = {
			isa = PBXVariantGroup;
			children = (
				5979508A205B1B0000807FD1 /* Base */,
			);
			name = LaunchScreen.storyboard;
			sourceTree = "<group>";
		};
/* End PBXVariantGroup section */

/* Begin XCBuildConfiguration section */
		5979508D205B1B0000807FD1 /* Debug */ = {
			isa = XCBuildConfiguration;
			buildSettings = {
				ALWAYS_SEARCH_USER_PATHS = NO;
				CLANG_ANALYZER_NONNULL = YES;
				CLANG_ANALYZER_NUMBER_OBJECT_CONVERSION = YES_AGGRESSIVE;
				CLANG_CXX_LANGUAGE_STANDARD = "gnu++14";
				CLANG_CXX_LIBRARY = "libc++";
				CLANG_ENABLE_MODULES = YES;
				CLANG_ENABLE_OBJC_ARC = YES;
				CLANG_WARN_BLOCK_CAPTURE_AUTORELEASING = YES;
				CLANG_WARN_BOOL_CONVERSION = YES;
				CLANG_WARN_COMMA = YES;
				CLANG_WARN_CONSTANT_CONVERSION = YES;
				CLANG_WARN_DEPRECATED_OBJC_IMPLEMENTATIONS = YES;
				CLANG_WARN_DIRECT_OBJC_ISA_USAGE = YES_ERROR;
				CLANG_WARN_DOCUMENTATION_COMMENTS = YES;
				CLANG_WARN_EMPTY_BODY = YES;
				CLANG_WARN_ENUM_CONVERSION = YES;
				CLANG_WARN_INFINITE_RECURSION = YES;
				CLANG_WARN_INT_CONVERSION = YES;
				CLANG_WARN_NON_LITERAL_NULL_CONVERSION = YES;
				CLANG_WARN_OBJC_IMPLICIT_RETAIN_SELF = YES;
				CLANG_WARN_OBJC_LITERAL_CONVERSION = YES;
				CLANG_WARN_OBJC_ROOT_CLASS = YES_ERROR;
				CLANG_WARN_RANGE_LOOP_ANALYSIS = YES;
				CLANG_WARN_STRICT_PROTOTYPES = YES;
				CLANG_WARN_SUSPICIOUS_MOVE = YES;
				CLANG_WARN_UNGUARDED_AVAILABILITY = YES_AGGRESSIVE;
				CLANG_WARN_UNREACHABLE_CODE = YES;
				CLANG_WARN__DUPLICATE_METHOD_MATCH = YES;
				CODE_SIGN_IDENTITY = "iPhone Developer";
				COPY_PHASE_STRIP = NO;
				DEBUG_INFORMATION_FORMAT = dwarf;
				ENABLE_STRICT_OBJC_MSGSEND = YES;
				ENABLE_TESTABILITY = YES;
				GCC_C_LANGUAGE_STANDARD = gnu11;
				GCC_DYNAMIC_NO_PIC = NO;
				GCC_NO_COMMON_BLOCKS = YES;
				GCC_OPTIMIZATION_LEVEL = 0;
				GCC_PREPROCESSOR_DEFINITIONS = (
					"DEBUG=1",
					"$(inherited)",
				);
				GCC_WARN_64_TO_32_BIT_CONVERSION = YES;
				GCC_WARN_ABOUT_RETURN_TYPE = YES_ERROR;
				GCC_WARN_UNDECLARED_SELECTOR = YES;
				GCC_WARN_UNINITIALIZED_AUTOS = YES_AGGRESSIVE;
				GCC_WARN_UNUSED_FUNCTION = YES;
				GCC_WARN_UNUSED_VARIABLE = YES;
				IPHONEOS_DEPLOYMENT_TARGET = 11.2;
				MTL_ENABLE_DEBUG_INFO = YES;
				ONLY_ACTIVE_ARCH = YES;
				SDKROOT = iphoneos;
				SWIFT_ACTIVE_COMPILATION_CONDITIONS = DEBUG;
				SWIFT_OPTIMIZATION_LEVEL = "-Onone";
			};
			name = Debug;
		};
		5979508E205B1B0000807FD1 /* Release */ = {
			isa = XCBuildConfiguration;
			buildSettings = {
				ALWAYS_SEARCH_USER_PATHS = NO;
				CLANG_ANALYZER_NONNULL = YES;
				CLANG_ANALYZER_NUMBER_OBJECT_CONVERSION = YES_AGGRESSIVE;
				CLANG_CXX_LANGUAGE_STANDARD = "gnu++14";
				CLANG_CXX_LIBRARY = "libc++";
				CLANG_ENABLE_MODULES = YES;
				CLANG_ENABLE_OBJC_ARC = YES;
				CLANG_WARN_BLOCK_CAPTURE_AUTORELEASING = YES;
				CLANG_WARN_BOOL_CONVERSION = YES;
				CLANG_WARN_COMMA = YES;
				CLANG_WARN_CONSTANT_CONVERSION = YES;
				CLANG_WARN_DEPRECATED_OBJC_IMPLEMENTATIONS = YES;
				CLANG_WARN_DIRECT_OBJC_ISA_USAGE = YES_ERROR;
				CLANG_WARN_DOCUMENTATION_COMMENTS = YES;
				CLANG_WARN_EMPTY_BODY = YES;
				CLANG_WARN_ENUM_CONVERSION = YES;
				CLANG_WARN_INFINITE_RECURSION = YES;
				CLANG_WARN_INT_CONVERSION = YES;
				CLANG_WARN_NON_LITERAL_NULL_CONVERSION = YES;
				CLANG_WARN_OBJC_IMPLICIT_RETAIN_SELF = YES;
				CLANG_WARN_OBJC_LITERAL_CONVERSION = YES;
				CLANG_WARN_OBJC_ROOT_CLASS = YES_ERROR;
				CLANG_WARN_RANGE_LOOP_ANALYSIS = YES;
				CLANG_WARN_STRICT_PROTOTYPES = YES;
				CLANG_WARN_SUSPICIOUS_MOVE = YES;
				CLANG_WARN_UNGUARDED_AVAILABILITY = YES_AGGRESSIVE;
				CLANG_WARN_UNREACHABLE_CODE = YES;
				CLANG_WARN__DUPLICATE_METHOD_MATCH = YES;
				CODE_SIGN_IDENTITY = "iPhone Developer";
				COPY_PHASE_STRIP = NO;
				DEBUG_INFORMATION_FORMAT = "dwarf-with-dsym";
				ENABLE_NS_ASSERTIONS = NO;
				ENABLE_STRICT_OBJC_MSGSEND = YES;
				GCC_C_LANGUAGE_STANDARD = gnu11;
				GCC_NO_COMMON_BLOCKS = YES;
				GCC_WARN_64_TO_32_BIT_CONVERSION = YES;
				GCC_WARN_ABOUT_RETURN_TYPE = YES_ERROR;
				GCC_WARN_UNDECLARED_SELECTOR = YES;
				GCC_WARN_UNINITIALIZED_AUTOS = YES_AGGRESSIVE;
				GCC_WARN_UNUSED_FUNCTION = YES;
				GCC_WARN_UNUSED_VARIABLE = YES;
				IPHONEOS_DEPLOYMENT_TARGET = 11.2;
				MTL_ENABLE_DEBUG_INFO = NO;
				SDKROOT = iphoneos;
				SWIFT_OPTIMIZATION_LEVEL = "-Owholemodule";
				VALIDATE_PRODUCT = YES;
			};
			name = Release;
		};
		59795090205B1B0000807FD1 /* Debug */ = {
			isa = XCBuildConfiguration;
			baseConfigurationReference = 4557988D8C3ACDABD4CE712A /* Pods-SSUAkron.debug.xcconfig */;
			buildSettings = {
				ASSETCATALOG_COMPILER_APPICON_NAME = AppIcon;
				CODE_SIGN_ENTITLEMENTS = SSUAkron/SSUAkron.entitlements;
				CODE_SIGN_STYLE = Automatic;
				DEVELOPMENT_TEAM = WXT8YUFTMG;
				INFOPLIST_FILE = SSUAkron/Info.plist;
				IPHONEOS_DEPLOYMENT_TARGET = 11.2;
				LD_RUNPATH_SEARCH_PATHS = "$(inherited) @executable_path/Frameworks";
				PRODUCT_BUNDLE_IDENTIFIER = com.mhnd.SSUAkron;
				PRODUCT_NAME = "$(TARGET_NAME)";
				SWIFT_VERSION = 4.0;
				TARGETED_DEVICE_FAMILY = 1;
			};
			name = Debug;
		};
		59795091205B1B0000807FD1 /* Release */ = {
			isa = XCBuildConfiguration;
			baseConfigurationReference = 9C61FE7349C2795879C2A83A /* Pods-SSUAkron.release.xcconfig */;
			buildSettings = {
				ASSETCATALOG_COMPILER_APPICON_NAME = AppIcon;
				CODE_SIGN_ENTITLEMENTS = SSUAkron/SSUAkron.entitlements;
				CODE_SIGN_STYLE = Automatic;
				DEVELOPMENT_TEAM = WXT8YUFTMG;
				INFOPLIST_FILE = SSUAkron/Info.plist;
				IPHONEOS_DEPLOYMENT_TARGET = 11.2;
				LD_RUNPATH_SEARCH_PATHS = "$(inherited) @executable_path/Frameworks";
				PRODUCT_BUNDLE_IDENTIFIER = com.mhnd.SSUAkron;
				PRODUCT_NAME = "$(TARGET_NAME)";
				SWIFT_VERSION = 4.0;
				TARGETED_DEVICE_FAMILY = 1;
			};
			name = Release;
		};
/* End XCBuildConfiguration section */

/* Begin XCConfigurationList section */
		59795075205B1B0000807FD1 /* Build configuration list for PBXProject "SSUAkron" */ = {
			isa = XCConfigurationList;
			buildConfigurations = (
				5979508D205B1B0000807FD1 /* Debug */,
				5979508E205B1B0000807FD1 /* Release */,
			);
			defaultConfigurationIsVisible = 0;
			defaultConfigurationName = Release;
		};
		5979508F205B1B0000807FD1 /* Build configuration list for PBXNativeTarget "SSUAkron" */ = {
			isa = XCConfigurationList;
			buildConfigurations = (
				59795090205B1B0000807FD1 /* Debug */,
				59795091205B1B0000807FD1 /* Release */,
			);
			defaultConfigurationIsVisible = 0;
			defaultConfigurationName = Release;
		};
/* End XCConfigurationList section */

/* Begin XCVersionGroup section */
		59795084205B1B0000807FD1 /* SSUAkron.xcdatamodeld */ = {
			isa = XCVersionGroup;
			children = (
				59795085205B1B0000807FD1 /* SSUAkron.xcdatamodel */,
			);
			currentVersion = 59795085205B1B0000807FD1 /* SSUAkron.xcdatamodel */;
			path = SSUAkron.xcdatamodeld;
			sourceTree = "<group>";
			versionGroupType = wrapper.xcdatamodel;
		};
/* End XCVersionGroup section */
	};
	rootObject = 59795072205B1B0000807FD1 /* Project object */;
}
