// !$*UTF8*$!
{
	archiveVersion = 1;
	classes = {
	};
	objectVersion = 48;
	objects = {

/* Begin PBXBuildFile section */
		59AF7DBE205F8124002697B4 /* AppDelegate.swift in Sources */ = {isa = PBXBuildFile; fileRef = 59AF7DBD205F8124002697B4 /* AppDelegate.swift */; };
		59AF7DC0205F8124002697B4 /* Home.swift in Sources */ = {isa = PBXBuildFile; fileRef = 59AF7DBF205F8124002697B4 /* Home.swift */; };
		59AF7DC3205F8124002697B4 /* Main.storyboard in Resources */ = {isa = PBXBuildFile; fileRef = 59AF7DC1205F8124002697B4 /* Main.storyboard */; };
		59AF7DC6205F8124002697B4 /* Akron.xcdatamodeld in Sources */ = {isa = PBXBuildFile; fileRef = 59AF7DC4205F8124002697B4 /* Akron.xcdatamodeld */; };
		59AF7DC8205F8124002697B4 /* Assets.xcassets in Resources */ = {isa = PBXBuildFile; fileRef = 59AF7DC7205F8124002697B4 /* Assets.xcassets */; };
		59AF7DCB205F8124002697B4 /* LaunchScreen.storyboard in Resources */ = {isa = PBXBuildFile; fileRef = 59AF7DC9205F8124002697B4 /* LaunchScreen.storyboard */; };
		59DDB695205F8BEF001DF580 /* CustomTabBar.swift in Sources */ = {isa = PBXBuildFile; fileRef = 59DDB694205F8BEF001DF580 /* CustomTabBar.swift */; };
		59DDB697205F8D9A001DF580 /* Store.swift in Sources */ = {isa = PBXBuildFile; fileRef = 59DDB696205F8D9A001DF580 /* Store.swift */; };
		59DDB699205F8DAE001DF580 /* Calander.swift in Sources */ = {isa = PBXBuildFile; fileRef = 59DDB698205F8DAE001DF580 /* Calander.swift */; };
		59DDB69B205F8E40001DF580 /* Salary.swift in Sources */ = {isa = PBXBuildFile; fileRef = 59DDB69A205F8E40001DF580 /* Salary.swift */; };
		59DDB69E205F90A8001DF580 /* NotoKufiArabic-Bold.ttf in Resources */ = {isa = PBXBuildFile; fileRef = 59DDB69C205F90A8001DF580 /* NotoKufiArabic-Bold.ttf */; };
		59DDB69F205F90A8001DF580 /* NotoKufiArabic-Regular.ttf in Resources */ = {isa = PBXBuildFile; fileRef = 59DDB69D205F90A8001DF580 /* NotoKufiArabic-Regular.ttf */; };
		8BE97AEEFFB41CBD1CD3E9A3 /* Pods_Akron.framework in Frameworks */ = {isa = PBXBuildFile; fileRef = A9590DB20D59009565363DC5 /* Pods_Akron.framework */; };
/* End PBXBuildFile section */

/* Begin PBXFileReference section */
		47C22EE49B9BE76DF8069FA1 /* Pods-Akron.debug.xcconfig */ = {isa = PBXFileReference; includeInIndex = 1; lastKnownFileType = text.xcconfig; name = "Pods-Akron.debug.xcconfig"; path = "Pods/Target Support Files/Pods-Akron/Pods-Akron.debug.xcconfig"; sourceTree = "<group>"; };
		59AF7DBA205F8124002697B4 /* Akron.app */ = {isa = PBXFileReference; explicitFileType = wrapper.application; includeInIndex = 0; path = Akron.app; sourceTree = BUILT_PRODUCTS_DIR; };
		59AF7DBD205F8124002697B4 /* AppDelegate.swift */ = {isa = PBXFileReference; lastKnownFileType = sourcecode.swift; path = AppDelegate.swift; sourceTree = "<group>"; };
		59AF7DBF205F8124002697B4 /* Home.swift */ = {isa = PBXFileReference; lastKnownFileType = sourcecode.swift; path = Home.swift; sourceTree = "<group>"; };
		59AF7DC2205F8124002697B4 /* Base */ = {isa = PBXFileReference; lastKnownFileType = file.storyboard; name = Base; path = Base.lproj/Main.storyboard; sourceTree = "<group>"; };
		59AF7DC5205F8124002697B4 /* Akron.xcdatamodel */ = {isa = PBXFileReference; lastKnownFileType = wrapper.xcdatamodel; path = Akron.xcdatamodel; sourceTree = "<group>"; };
		59AF7DC7205F8124002697B4 /* Assets.xcassets */ = {isa = PBXFileReference; lastKnownFileType = folder.assetcatalog; path = Assets.xcassets; sourceTree = "<group>"; };
		59AF7DCA205F8124002697B4 /* Base */ = {isa = PBXFileReference; lastKnownFileType = file.storyboard; name = Base; path = Base.lproj/LaunchScreen.storyboard; sourceTree = "<group>"; };
		59AF7DCC205F8125002697B4 /* Info.plist */ = {isa = PBXFileReference; lastKnownFileType = text.plist.xml; path = Info.plist; sourceTree = "<group>"; };
		59DDB694205F8BEF001DF580 /* CustomTabBar.swift */ = {isa = PBXFileReference; lastKnownFileType = sourcecode.swift; path = CustomTabBar.swift; sourceTree = "<group>"; };
		59DDB696205F8D9A001DF580 /* Store.swift */ = {isa = PBXFileReference; lastKnownFileType = sourcecode.swift; path = Store.swift; sourceTree = "<group>"; };
		59DDB698205F8DAE001DF580 /* Calander.swift */ = {isa = PBXFileReference; lastKnownFileType = sourcecode.swift; path = Calander.swift; sourceTree = "<group>"; };
		59DDB69A205F8E40001DF580 /* Salary.swift */ = {isa = PBXFileReference; lastKnownFileType = sourcecode.swift; path = Salary.swift; sourceTree = "<group>"; };
		59DDB69C205F90A8001DF580 /* NotoKufiArabic-Bold.ttf */ = {isa = PBXFileReference; lastKnownFileType = file; path = "NotoKufiArabic-Bold.ttf"; sourceTree = "<group>"; };
		59DDB69D205F90A8001DF580 /* NotoKufiArabic-Regular.ttf */ = {isa = PBXFileReference; lastKnownFileType = file; path = "NotoKufiArabic-Regular.ttf"; sourceTree = "<group>"; };
		A9590DB20D59009565363DC5 /* Pods_Akron.framework */ = {isa = PBXFileReference; explicitFileType = wrapper.framework; includeInIndex = 0; path = Pods_Akron.framework; sourceTree = BUILT_PRODUCTS_DIR; };
		BE88E28100006033CAAF063C /* Pods-Akron.release.xcconfig */ = {isa = PBXFileReference; includeInIndex = 1; lastKnownFileType = text.xcconfig; name = "Pods-Akron.release.xcconfig"; path = "Pods/Target Support Files/Pods-Akron/Pods-Akron.release.xcconfig"; sourceTree = "<group>"; };
/* End PBXFileReference section */

/* Begin PBXFrameworksBuildPhase section */
		59AF7DB7205F8124002697B4 /* Frameworks */ = {
			isa = PBXFrameworksBuildPhase;
			buildActionMask = 2147483647;
			files = (
				8BE97AEEFFB41CBD1CD3E9A3 /* Pods_Akron.framework in Frameworks */,
			);
			runOnlyForDeploymentPostprocessing = 0;
		};
/* End PBXFrameworksBuildPhase section */

/* Begin PBXGroup section */
		0D8DF40EE30335CEE8B27ABA /* Frameworks */ = {
			isa = PBXGroup;
			children = (
				A9590DB20D59009565363DC5 /* Pods_Akron.framework */,
			);
			name = Frameworks;
			sourceTree = "<group>";
		};
		37157A2B84771C24AE657574 /* Pods */ = {
			isa = PBXGroup;
			children = (
				47C22EE49B9BE76DF8069FA1 /* Pods-Akron.debug.xcconfig */,
				BE88E28100006033CAAF063C /* Pods-Akron.release.xcconfig */,
			);
			name = Pods;
			sourceTree = "<group>";
		};
		59AF7DB1205F8124002697B4 = {
			isa = PBXGroup;
			children = (
				59DDB6A0205F90B0001DF580 /* Fonts */,
				59DDB693205F8B7A001DF580 /* ViewControllers */,
				59AF7DBC205F8124002697B4 /* Akron */,
				59AF7DBB205F8124002697B4 /* Products */,
				37157A2B84771C24AE657574 /* Pods */,
				0D8DF40EE30335CEE8B27ABA /* Frameworks */,
			);
			sourceTree = "<group>";
		};
		59AF7DBB205F8124002697B4 /* Products */ = {
			isa = PBXGroup;
			children = (
				59AF7DBA205F8124002697B4 /* Akron.app */,
			);
			name = Products;
			sourceTree = "<group>";
		};
		59AF7DBC205F8124002697B4 /* Akron */ = {
			isa = PBXGroup;
			children = (
				59DDB694205F8BEF001DF580 /* CustomTabBar.swift */,
				59AF7DBD205F8124002697B4 /* AppDelegate.swift */,
				59AF7DC1205F8124002697B4 /* Main.storyboard */,
				59AF7DC7205F8124002697B4 /* Assets.xcassets */,
				59AF7DC9205F8124002697B4 /* LaunchScreen.storyboard */,
				59AF7DCC205F8125002697B4 /* Info.plist */,
				59AF7DC4205F8124002697B4 /* Akron.xcdatamodeld */,
			);
			path = Akron;
			sourceTree = "<group>";
		};
		59DDB693205F8B7A001DF580 /* ViewControllers */ = {
			isa = PBXGroup;
			children = (
				59AF7DBF205F8124002697B4 /* Home.swift */,
				59DDB696205F8D9A001DF580 /* Store.swift */,
				59DDB698205F8DAE001DF580 /* Calander.swift */,
				59DDB69A205F8E40001DF580 /* Salary.swift */,
			);
			path = ViewControllers;
			sourceTree = "<group>";
		};
		59DDB6A0205F90B0001DF580 /* Fonts */ = {
			isa = PBXGroup;
			children = (
				59DDB69C205F90A8001DF580 /* NotoKufiArabic-Bold.ttf */,
				59DDB69D205F90A8001DF580 /* NotoKufiArabic-Regular.ttf */,
			);
			path = Fonts;
			sourceTree = "<group>";
		};
/* End PBXGroup section */

/* Begin PBXNativeTarget section */
		59AF7DB9205F8124002697B4 /* Akron */ = {
			isa = PBXNativeTarget;
			buildConfigurationList = 59AF7DCF205F8125002697B4 /* Build configuration list for PBXNativeTarget "Akron" */;
			buildPhases = (
				2B9E3519462A7A9F5B7B947B /* [CP] Check Pods Manifest.lock */,
				59AF7DB6205F8124002697B4 /* Sources */,
				59AF7DB7205F8124002697B4 /* Frameworks */,
				59AF7DB8205F8124002697B4 /* Resources */,
				02BF4B0E09CFF4944DE05565 /* [CP] Embed Pods Frameworks */,
				84D49C3383174EDFFE87D8CA /* [CP] Copy Pods Resources */,
			);
			buildRules = (
			);
			dependencies = (
			);
			name = Akron;
			productName = Akron;
			productReference = 59AF7DBA205F8124002697B4 /* Akron.app */;
			productType = "com.apple.product-type.application";
		};
/* End PBXNativeTarget section */

/* Begin PBXProject section */
		59AF7DB2205F8124002697B4 /* Project object */ = {
			isa = PBXProject;
			attributes = {
				LastSwiftUpdateCheck = 0920;
				LastUpgradeCheck = 0920;
				ORGANIZATIONNAME = "Muhannad Mousa";
				TargetAttributes = {
					59AF7DB9205F8124002697B4 = {
						CreatedOnToolsVersion = 9.2;
						ProvisioningStyle = Automatic;
					};
				};
			};
			buildConfigurationList = 59AF7DB5205F8124002697B4 /* Build configuration list for PBXProject "Akron" */;
			compatibilityVersion = "Xcode 8.0";
			developmentRegion = en;
			hasScannedForEncodings = 0;
			knownRegions = (
				en,
				Base,
			);
			mainGroup = 59AF7DB1205F8124002697B4;
			productRefGroup = 59AF7DBB205F8124002697B4 /* Products */;
			projectDirPath = "";
			projectRoot = "";
			targets = (
				59AF7DB9205F8124002697B4 /* Akron */,
			);
		};
/* End PBXProject section */

/* Begin PBXResourcesBuildPhase section */
		59AF7DB8205F8124002697B4 /* Resources */ = {
			isa = PBXResourcesBuildPhase;
			buildActionMask = 2147483647;
			files = (
				59DDB69E205F90A8001DF580 /* NotoKufiArabic-Bold.ttf in Resources */,
				59DDB69F205F90A8001DF580 /* NotoKufiArabic-Regular.ttf in Resources */,
				59AF7DCB205F8124002697B4 /* LaunchScreen.storyboard in Resources */,
				59AF7DC8205F8124002697B4 /* Assets.xcassets in Resources */,
				59AF7DC3205F8124002697B4 /* Main.storyboard in Resources */,
			);
			runOnlyForDeploymentPostprocessing = 0;
		};
/* End PBXResourcesBuildPhase section */

/* Begin PBXShellScriptBuildPhase section */
		02BF4B0E09CFF4944DE05565 /* [CP] Embed Pods Frameworks */ = {
			isa = PBXShellScriptBuildPhase;
			buildActionMask = 2147483647;
			files = (
			);
			inputPaths = (
				"${SRCROOT}/Pods/Target Support Files/Pods-Akron/Pods-Akron-frameworks.sh",
				"${BUILT_PRODUCTS_DIR}/Cards/Cards.framework",
				"${BUILT_PRODUCTS_DIR}/Player/Player.framework",
			);
			name = "[CP] Embed Pods Frameworks";
			outputPaths = (
				"${TARGET_BUILD_DIR}/${FRAMEWORKS_FOLDER_PATH}/Cards.framework",
				"${TARGET_BUILD_DIR}/${FRAMEWORKS_FOLDER_PATH}/Player.framework",
			);
			runOnlyForDeploymentPostprocessing = 0;
			shellPath = /bin/sh;
			shellScript = "\"${SRCROOT}/Pods/Target Support Files/Pods-Akron/Pods-Akron-frameworks.sh\"\n";
			showEnvVarsInLog = 0;
		};
		2B9E3519462A7A9F5B7B947B /* [CP] Check Pods Manifest.lock */ = {
			isa = PBXShellScriptBuildPhase;
			buildActionMask = 2147483647;
			files = (
			);
			inputPaths = (
				"${PODS_PODFILE_DIR_PATH}/Podfile.lock",
				"${PODS_ROOT}/Manifest.lock",
			);
			name = "[CP] Check Pods Manifest.lock";
			outputPaths = (
				"$(DERIVED_FILE_DIR)/Pods-Akron-checkManifestLockResult.txt",
			);
			runOnlyForDeploymentPostprocessing = 0;
			shellPath = /bin/sh;
			shellScript = "diff \"${PODS_PODFILE_DIR_PATH}/Podfile.lock\" \"${PODS_ROOT}/Manifest.lock\" > /dev/null\nif [ $? != 0 ] ; then\n    # print error to STDERR\n    echo \"error: The sandbox is not in sync with the Podfile.lock. Run 'pod install' or update your CocoaPods installation.\" >&2\n    exit 1\nfi\n# This output is used by Xcode 'outputs' to avoid re-running this script phase.\necho \"SUCCESS\" > \"${SCRIPT_OUTPUT_FILE_0}\"\n";
			showEnvVarsInLog = 0;
		};
		84D49C3383174EDFFE87D8CA /* [CP] Copy Pods Resources */ = {
			isa = PBXShellScriptBuildPhase;
			buildActionMask = 2147483647;
			files = (
			);
			inputPaths = (
			);
			name = "[CP] Copy Pods Resources";
			outputPaths = (
			);
			runOnlyForDeploymentPostprocessing = 0;
			shellPath = /bin/sh;
			shellScript = "\"${SRCROOT}/Pods/Target Support Files/Pods-Akron/Pods-Akron-resources.sh\"\n";
			showEnvVarsInLog = 0;
		};
/* End PBXShellScriptBuildPhase section */

/* Begin PBXSourcesBuildPhase section */
		59AF7DB6205F8124002697B4 /* Sources */ = {
			isa = PBXSourcesBuildPhase;
			buildActionMask = 2147483647;
			files = (
				59DDB697205F8D9A001DF580 /* Store.swift in Sources */,
				59DDB695205F8BEF001DF580 /* CustomTabBar.swift in Sources */,
				59AF7DC0205F8124002697B4 /* Home.swift in Sources */,
				59DDB699205F8DAE001DF580 /* Calander.swift in Sources */,
				59DDB69B205F8E40001DF580 /* Salary.swift in Sources */,
				59AF7DBE205F8124002697B4 /* AppDelegate.swift in Sources */,
				59AF7DC6205F8124002697B4 /* Akron.xcdatamodeld in Sources */,
			);
			runOnlyForDeploymentPostprocessing = 0;
		};
/* End PBXSourcesBuildPhase section */

/* Begin PBXVariantGroup section */
		59AF7DC1205F8124002697B4 /* Main.storyboard */ = {
			isa = PBXVariantGroup;
			children = (
				59AF7DC2205F8124002697B4 /* Base */,
			);
			name = Main.storyboard;
			sourceTree = "<group>";
		};
		59AF7DC9205F8124002697B4 /* LaunchScreen.storyboard */ = {
			isa = PBXVariantGroup;
			children = (
				59AF7DCA205F8124002697B4 /* Base */,
			);
			name = LaunchScreen.storyboard;
			sourceTree = "<group>";
		};
/* End PBXVariantGroup section */

/* Begin XCBuildConfiguration section */
		59AF7DCD205F8125002697B4 /* Debug */ = {
			isa = XCBuildConfiguration;
			buildSettings = {
				ALWAYS_SEARCH_USER_PATHS = NO;
				CLANG_ANALYZER_NONNULL = YES;
				CLANG_ANALYZER_NUMBER_OBJECT_CONVERSION = YES_AGGRESSIVE;
				CLANG_CXX_LANGUAGE_STANDARD = "gnu++14";
				CLANG_CXX_LIBRARY = "libc++";
				CLANG_ENABLE_MODULES = YES;
				CLANG_ENABLE_OBJC_ARC = YES;
				CLANG_WARN_BLOCK_CAPTURE_AUTORELEASING = YES;
				CLANG_WARN_BOOL_CONVERSION = YES;
				CLANG_WARN_COMMA = YES;
				CLANG_WARN_CONSTANT_CONVERSION = YES;
				CLANG_WARN_DIRECT_OBJC_ISA_USAGE = YES_ERROR;
				CLANG_WARN_DOCUMENTATION_COMMENTS = YES;
				CLANG_WARN_EMPTY_BODY = YES;
				CLANG_WARN_ENUM_CONVERSION = YES;
				CLANG_WARN_INFINITE_RECURSION = YES;
				CLANG_WARN_INT_CONVERSION = YES;
				CLANG_WARN_NON_LITERAL_NULL_CONVERSION = YES;
				CLANG_WARN_OBJC_LITERAL_CONVERSION = YES;
				CLANG_WARN_OBJC_ROOT_CLASS = YES_ERROR;
				CLANG_WARN_RANGE_LOOP_ANALYSIS = YES;
				CLANG_WARN_STRICT_PROTOTYPES = YES;
				CLANG_WARN_SUSPICIOUS_MOVE = YES;
				CLANG_WARN_UNGUARDED_AVAILABILITY = YES_AGGRESSIVE;
				CLANG_WARN_UNREACHABLE_CODE = YES;
				CLANG_WARN__DUPLICATE_METHOD_MATCH = YES;
				CODE_SIGN_IDENTITY = "iPhone Developer";
				COPY_PHASE_STRIP = NO;
				DEBUG_INFORMATION_FORMAT = dwarf;
				ENABLE_STRICT_OBJC_MSGSEND = YES;
				ENABLE_TESTABILITY = YES;
				GCC_C_LANGUAGE_STANDARD = gnu11;
				GCC_DYNAMIC_NO_PIC = NO;
				GCC_NO_COMMON_BLOCKS = YES;
				GCC_OPTIMIZATION_LEVEL = 0;
				GCC_PREPROCESSOR_DEFINITIONS = (
					"DEBUG=1",
					"$(inherited)",
				);
				GCC_WARN_64_TO_32_BIT_CONVERSION = YES;
				GCC_WARN_ABOUT_RETURN_TYPE = YES_ERROR;
				GCC_WARN_UNDECLARED_SELECTOR = YES;
				GCC_WARN_UNINITIALIZED_AUTOS = YES_AGGRESSIVE;
				GCC_WARN_UNUSED_FUNCTION = YES;
				GCC_WARN_UNUSED_VARIABLE = YES;
				IPHONEOS_DEPLOYMENT_TARGET = 11.2;
				MTL_ENABLE_DEBUG_INFO = YES;
				ONLY_ACTIVE_ARCH = YES;
				SDKROOT = iphoneos;
				SWIFT_ACTIVE_COMPILATION_CONDITIONS = DEBUG;
				SWIFT_OPTIMIZATION_LEVEL = "-Onone";
			};
			name = Debug;
		};
		59AF7DCE205F8125002697B4 /* Release */ = {
			isa = XCBuildConfiguration;
			buildSettings = {
				ALWAYS_SEARCH_USER_PATHS = NO;
				CLANG_ANALYZER_NONNULL = YES;
				CLANG_ANALYZER_NUMBER_OBJECT_CONVERSION = YES_AGGRESSIVE;
				CLANG_CXX_LANGUAGE_STANDARD = "gnu++14";
				CLANG_CXX_LIBRARY = "libc++";
				CLANG_ENABLE_MODULES = YES;
				CLANG_ENABLE_OBJC_ARC = YES;
				CLANG_WARN_BLOCK_CAPTURE_AUTORELEASING = YES;
				CLANG_WARN_BOOL_CONVERSION = YES;
				CLANG_WARN_COMMA = YES;
				CLANG_WARN_CONSTANT_CONVERSION = YES;
				CLANG_WARN_DIRECT_OBJC_ISA_USAGE = YES_ERROR;
				CLANG_WARN_DOCUMENTATION_COMMENTS = YES;
				CLANG_WARN_EMPTY_BODY = YES;
				CLANG_WARN_ENUM_CONVERSION = YES;
				CLANG_WARN_INFINITE_RECURSION = YES;
				CLANG_WARN_INT_CONVERSION = YES;
				CLANG_WARN_NON_LITERAL_NULL_CONVERSION = YES;
				CLANG_WARN_OBJC_LITERAL_CONVERSION = YES;
				CLANG_WARN_OBJC_ROOT_CLASS = YES_ERROR;
				CLANG_WARN_RANGE_LOOP_ANALYSIS = YES;
				CLANG_WARN_STRICT_PROTOTYPES = YES;
				CLANG_WARN_SUSPICIOUS_MOVE = YES;
				CLANG_WARN_UNGUARDED_AVAILABILITY = YES_AGGRESSIVE;
				CLANG_WARN_UNREACHABLE_CODE = YES;
				CLANG_WARN__DUPLICATE_METHOD_MATCH = YES;
				CODE_SIGN_IDENTITY = "iPhone Developer";
				COPY_PHASE_STRIP = NO;
				DEBUG_INFORMATION_FORMAT = "dwarf-with-dsym";
				ENABLE_NS_ASSERTIONS = NO;
				ENABLE_STRICT_OBJC_MSGSEND = YES;
				GCC_C_LANGUAGE_STANDARD = gnu11;
				GCC_NO_COMMON_BLOCKS = YES;
				GCC_WARN_64_TO_32_BIT_CONVERSION = YES;
				GCC_WARN_ABOUT_RETURN_TYPE = YES_ERROR;
				GCC_WARN_UNDECLARED_SELECTOR = YES;
				GCC_WARN_UNINITIALIZED_AUTOS = YES_AGGRESSIVE;
				GCC_WARN_UNUSED_FUNCTION = YES;
				GCC_WARN_UNUSED_VARIABLE = YES;
				IPHONEOS_DEPLOYMENT_TARGET = 11.2;
				MTL_ENABLE_DEBUG_INFO = NO;
				SDKROOT = iphoneos;
				SWIFT_OPTIMIZATION_LEVEL = "-Owholemodule";
				VALIDATE_PRODUCT = YES;
			};
			name = Release;
		};
		59AF7DD0205F8125002697B4 /* Debug */ = {
			isa = XCBuildConfiguration;
			baseConfigurationReference = 47C22EE49B9BE76DF8069FA1 /* Pods-Akron.debug.xcconfig */;
			buildSettings = {
				ASSETCATALOG_COMPILER_APPICON_NAME = AppIcon;
				CODE_SIGN_STYLE = Automatic;
				DEVELOPMENT_TEAM = WXT8YUFTMG;
				INFOPLIST_FILE = Akron/Info.plist;
				LD_RUNPATH_SEARCH_PATHS = "$(inherited) @executable_path/Frameworks";
				PRODUCT_BUNDLE_IDENTIFIER = com.mhnd.Akron;
				PRODUCT_NAME = "$(TARGET_NAME)";
				SWIFT_VERSION = 4.0;
				TARGETED_DEVICE_FAMILY = "1,2";
			};
			name = Debug;
		};
		59AF7DD1205F8125002697B4 /* Release */ = {
			isa = XCBuildConfiguration;
			baseConfigurationReference = BE88E28100006033CAAF063C /* Pods-Akron.release.xcconfig */;
			buildSettings = {
				ASSETCATALOG_COMPILER_APPICON_NAME = AppIcon;
				CODE_SIGN_STYLE = Automatic;
				DEVELOPMENT_TEAM = WXT8YUFTMG;
				INFOPLIST_FILE = Akron/Info.plist;
				LD_RUNPATH_SEARCH_PATHS = "$(inherited) @executable_path/Frameworks";
				PRODUCT_BUNDLE_IDENTIFIER = com.mhnd.Akron;
				PRODUCT_NAME = "$(TARGET_NAME)";
				SWIFT_VERSION = 4.0;
				TARGETED_DEVICE_FAMILY = "1,2";
			};
			name = Release;
		};
/* End XCBuildConfiguration section */

/* Begin XCConfigurationList section */
		59AF7DB5205F8124002697B4 /* Build configuration list for PBXProject "Akron" */ = {
			isa = XCConfigurationList;
			buildConfigurations = (
				59AF7DCD205F8125002697B4 /* Debug */,
				59AF7DCE205F8125002697B4 /* Release */,
			);
			defaultConfigurationIsVisible = 0;
			defaultConfigurationName = Release;
		};
		59AF7DCF205F8125002697B4 /* Build configuration list for PBXNativeTarget "Akron" */ = {
			isa = XCConfigurationList;
			buildConfigurations = (
				59AF7DD0205F8125002697B4 /* Debug */,
				59AF7DD1205F8125002697B4 /* Release */,
			);
			defaultConfigurationIsVisible = 0;
			defaultConfigurationName = Release;
		};
/* End XCConfigurationList section */

/* Begin XCVersionGroup section */
		59AF7DC4205F8124002697B4 /* Akron.xcdatamodeld */ = {
			isa = XCVersionGroup;
			children = (
				59AF7DC5205F8124002697B4 /* Akron.xcdatamodel */,
			);
			currentVersion = 59AF7DC5205F8124002697B4 /* Akron.xcdatamodel */;
			path = Akron.xcdatamodeld;
			sourceTree = "<group>";
			versionGroupType = wrapper.xcdatamodel;
		};
/* End XCVersionGroup section */
	};
	rootObject = 59AF7DB2205F8124002697B4 /* Project object */;
}
